
Microsoft Visual Studio Solution File, Format Version 12.00
# Visual Studio 14
VisualStudioVersion = 14.0.25420.1
MinimumVisualStudioVersion = 10.0.40219.1
Project("{FAE04EC0-301F-11D3-BF4B-00C04F79EFBC}") = "Truth.EF", "Truth.EF\Truth.EF.csproj", "{70B60D82-D267-4519-9A62-960852D6DBEB}"
EndProject
Project("{2150E333-8FDC-42A3-9474-1A3956D46DE8}") = "EF", "EF", "{C7C2A95C-9800-4293-9268-20821BD20E26}"
EndProject
Project("{FAE04EC0-301F-11D3-BF4B-00C04F79EFBC}") = "UserIdentity.Web", "Identity\UserIdentity.Web\UserIdentity.Web.csproj", "{688669C8-B6A0-484C-A682-B964A416C364}"
EndProject
Project("{2150E333-8FDC-42A3-9474-1A3956D46DE8}") = "Identity", "Identity", "{D2B8E2B8-62B6-4821-97BE-B109CECEB9EB}"
EndProject
Project("{2150E333-8FDC-42A3-9474-1A3956D46DE8}") = "Castle", "Castle", "{E3290ABE-AC66-44C6-A913-22212CC84B54}"
EndProject
Project("{9A19103F-16F7-4668-BE54-9A1E7A4F7556}") = "CastleSetting", "CastleSetting\CastleSetting.csproj", "{41DDB316-28C3-42D0-A2BC-D6755A213D21}"
EndProject
Project("{9A19103F-16F7-4668-BE54-9A1E7A4F7556}") = "CastelTutoral", "CastelTutoral\CastelTutoral.csproj", "{DF0D7A6D-61C3-489E-9666-D6BBFE471A72}"
EndProject
Project("{FAE04EC0-301F-11D3-BF4B-00C04F79EFBC}") = "Mvc.Identity", "Mvc.Identity\Mvc.Identity.csproj", "{C27FE185-802A-485D-AFF6-1FC865191353}"
EndProject
Project("{FAE04EC0-301F-11D3-BF4B-00C04F79EFBC}") = "User", "User\User.csproj", "{4B5CBC5D-9937-4B7D-9230-A43445E697FC}"
EndProject
Project("{2150E333-8FDC-42A3-9474-1A3956D46DE8}") = "Email", "Email", "{DA8E24AF-35B3-4325-8647-9CA470D91AF0}"
EndProject
Project("{9A19103F-16F7-4668-BE54-9A1E7A4F7556}") = "EmailKity", "EmailKity\EmailKity.csproj", "{EBB3ED48-1DD6-4B61-963F-29842C12AE7E}"
EndProject
Project("{FAE04EC0-301F-11D3-BF4B-00C04F79EFBC}") = "MM.Web", "MVCBlog\MM.Web\MM.Web.csproj", "{9C3291CD-58BB-4824-A955-D43DB88558F3}"
EndProject
Project("{2150E333-8FDC-42A3-9474-1A3956D46DE8}") = "MvcBlog", "MvcBlog", "{E96F90F5-EF7D-4347-8545-50B163340A60}"
EndProject
Project("{FAE04EC0-301F-11D3-BF4B-00C04F79EFBC}") = "MVCBlog.CacheManager", "MVCBlog\MVCBlog.CacheManager\MVCBlog.CacheManager.csproj", "{B2D9AE77-A376-468B-AFD7-6ED67523D6D2}"
EndProject
Project("{FAE04EC0-301F-11D3-BF4B-00C04F79EFBC}") = "MVCBlog.Common", "MVCBlog\MVCBlog.Common\MVCBlog.Common.csproj", "{E040367E-D984-4B30-9EF3-8E85180FC24C}"
EndProject
Project("{FAE04EC0-301F-11D3-BF4B-00C04F79EFBC}") = "MVCBlog.Entities", "MVCBlog\MVCBlog.Entities\MVCBlog.Entities.csproj", "{89CF1584-5108-4F0C-B5DA-ECE98C62AC50}"
EndProject
Project("{FAE04EC0-301F-11D3-BF4B-00C04F79EFBC}") = "MVCBlog.ConsoleTest", "MVCBlog\MVCBlog.ConsoleTest\MVCBlog.ConsoleTest.csproj", "{DE542886-4546-4D76-B888-76EB09C37641}"
EndProject
Project("{FAE04EC0-301F-11D3-BF4B-00C04F79EFBC}") = "MVCBlog.Repository", "MVCBlog\MVCBlog.Repository\MVCBlog.Repository.csproj", "{1EB2B92E-5308-48A8-BBD1-E45FE579B972}"
EndProject
Project("{FAE04EC0-301F-11D3-BF4B-00C04F79EFBC}") = "MVCBlog.Web", "MVCBlog\MVCBlog.Web\MVCBlog.Web.csproj", "{8A5AD672-5EA6-4945-BA4D-D951C5CE3F3A}"
EndProject
Project("{FAE04EC0-301F-11D3-BF4B-00C04F79EFBC}") = "OfficalDemo", "OfficalDemo\OfficalDemo.csproj", "{F5FEC4DD-E723-4AB2-A42B-478F6120C5B0}"
EndProject
Project("{2150E333-8FDC-42A3-9474-1A3956D46DE8}") = "Socket", "Socket", "{9EE25239-F93E-4D93-ACD2-B0F1910B2ECF}"
EndProject
Project("{FAE04EC0-301F-11D3-BF4B-00C04F79EFBC}") = "DeamonTool", "DeamonTool\DeamonTool.csproj", "{AA7D5A1F-C216-4AAD-810F-DCE4562EA7B4}"
EndProject
Project("{FAE04EC0-301F-11D3-BF4B-00C04F79EFBC}") = "SocketTool", "SocketTool\SocketTool.csproj", "{6E194C2B-9CDE-4DD3-8A6A-10B7076A99A6}"
EndProject
Project("{2150E333-8FDC-42A3-9474-1A3956D46DE8}") = "RabbitMQDemo", "RabbitMQDemo", "{CF5897CD-57FC-48BC-BE41-5CE0A5D4472C}"
EndProject
Project("{FAE04EC0-301F-11D3-BF4B-00C04F79EFBC}") = "RabbitMQ.SubServer", "RabbitMQ.SubServer\RabbitMQ.SubServer.csproj", "{9B84AC9C-8FDF-467C-B10C-71DB62339C4C}"
EndProject
Project("{2150E333-8FDC-42A3-9474-1A3956D46DE8}") = "发布订阅", "发布订阅", "{B2EBE47F-CA6B-4D75-A0F3-077D16DAA426}"
EndProject
Project("{FAE04EC0-301F-11D3-BF4B-00C04F79EFBC}") = "RabbitMQ.SubClient", "RabbitMQ.SubClient\RabbitMQ.SubClient.csproj", "{CE6AA56E-9A70-45A0-BFFF-A4050163BBC5}"
EndProject
Project("{2150E333-8FDC-42A3-9474-1A3956D46DE8}") = "Topic", "Topic", "{EC867E6A-694C-4F96-BF3D-63ED3E84EB02}"
EndProject
Project("{FAE04EC0-301F-11D3-BF4B-00C04F79EFBC}") = "Rabbit.Publisher", "Rabbit.Publisher\Rabbit.Publisher.csproj", "{356300A3-D6DD-4687-9412-3AC4C23ED116}"
EndProject
Project("{FAE04EC0-301F-11D3-BF4B-00C04F79EFBC}") = "Rabbit.TopicReceive", "Rabbit.TopicReceive\Rabbit.TopicReceive.csproj", "{2405832A-7E2A-47B1-A809-96C0E29CE7F3}"
EndProject
Global
	GlobalSection(SolutionConfigurationPlatforms) = preSolution
		Debug|Any CPU = Debug|Any CPU
		Release|Any CPU = Release|Any CPU
	EndGlobalSection
	GlobalSection(ProjectConfigurationPlatforms) = postSolution
		{70B60D82-D267-4519-9A62-960852D6DBEB}.Debug|Any CPU.ActiveCfg = Debug|Any CPU
		{70B60D82-D267-4519-9A62-960852D6DBEB}.Debug|Any CPU.Build.0 = Debug|Any CPU
		{70B60D82-D267-4519-9A62-960852D6DBEB}.Release|Any CPU.ActiveCfg = Release|Any CPU
		{70B60D82-D267-4519-9A62-960852D6DBEB}.Release|Any CPU.Build.0 = Release|Any CPU
		{688669C8-B6A0-484C-A682-B964A416C364}.Debug|Any CPU.ActiveCfg = Debug|Any CPU
		{688669C8-B6A0-484C-A682-B964A416C364}.Debug|Any CPU.Build.0 = Debug|Any CPU
		{688669C8-B6A0-484C-A682-B964A416C364}.Release|Any CPU.ActiveCfg = Release|Any CPU
		{688669C8-B6A0-484C-A682-B964A416C364}.Release|Any CPU.Build.0 = Release|Any CPU
		{41DDB316-28C3-42D0-A2BC-D6755A213D21}.Debug|Any CPU.ActiveCfg = Debug|Any CPU
		{41DDB316-28C3-42D0-A2BC-D6755A213D21}.Debug|Any CPU.Build.0 = Debug|Any CPU
		{41DDB316-28C3-42D0-A2BC-D6755A213D21}.Release|Any CPU.ActiveCfg = Release|Any CPU
		{41DDB316-28C3-42D0-A2BC-D6755A213D21}.Release|Any CPU.Build.0 = Release|Any CPU
		{DF0D7A6D-61C3-489E-9666-D6BBFE471A72}.Debug|Any CPU.ActiveCfg = Debug|Any CPU
		{DF0D7A6D-61C3-489E-9666-D6BBFE471A72}.Debug|Any CPU.Build.0 = Debug|Any CPU
		{DF0D7A6D-61C3-489E-9666-D6BBFE471A72}.Release|Any CPU.ActiveCfg = Release|Any CPU
		{DF0D7A6D-61C3-489E-9666-D6BBFE471A72}.Release|Any CPU.Build.0 = Release|Any CPU
		{C27FE185-802A-485D-AFF6-1FC865191353}.Debug|Any CPU.ActiveCfg = Debug|Any CPU
		{C27FE185-802A-485D-AFF6-1FC865191353}.Debug|Any CPU.Build.0 = Debug|Any CPU
		{C27FE185-802A-485D-AFF6-1FC865191353}.Release|Any CPU.ActiveCfg = Release|Any CPU
		{C27FE185-802A-485D-AFF6-1FC865191353}.Release|Any CPU.Build.0 = Release|Any CPU
		{4B5CBC5D-9937-4B7D-9230-A43445E697FC}.Debug|Any CPU.ActiveCfg = Debug|Any CPU
		{4B5CBC5D-9937-4B7D-9230-A43445E697FC}.Debug|Any CPU.Build.0 = Debug|Any CPU
		{4B5CBC5D-9937-4B7D-9230-A43445E697FC}.Release|Any CPU.ActiveCfg = Release|Any CPU
		{4B5CBC5D-9937-4B7D-9230-A43445E697FC}.Release|Any CPU.Build.0 = Release|Any CPU
		{EBB3ED48-1DD6-4B61-963F-29842C12AE7E}.Debug|Any CPU.ActiveCfg = Debug|Any CPU
		{EBB3ED48-1DD6-4B61-963F-29842C12AE7E}.Debug|Any CPU.Build.0 = Debug|Any CPU
		{EBB3ED48-1DD6-4B61-963F-29842C12AE7E}.Release|Any CPU.ActiveCfg = Release|Any CPU
		{EBB3ED48-1DD6-4B61-963F-29842C12AE7E}.Release|Any CPU.Build.0 = Release|Any CPU
		{9C3291CD-58BB-4824-A955-D43DB88558F3}.Debug|Any CPU.ActiveCfg = Debug|Any CPU
		{9C3291CD-58BB-4824-A955-D43DB88558F3}.Debug|Any CPU.Build.0 = Debug|Any CPU
		{9C3291CD-58BB-4824-A955-D43DB88558F3}.Release|Any CPU.ActiveCfg = Release|Any CPU
		{9C3291CD-58BB-4824-A955-D43DB88558F3}.Release|Any CPU.Build.0 = Release|Any CPU
		{B2D9AE77-A376-468B-AFD7-6ED67523D6D2}.Debug|Any CPU.ActiveCfg = Debug|Any CPU
		{B2D9AE77-A376-468B-AFD7-6ED67523D6D2}.Debug|Any CPU.Build.0 = Debug|Any CPU
		{B2D9AE77-A376-468B-AFD7-6ED67523D6D2}.Release|Any CPU.ActiveCfg = Release|Any CPU
		{B2D9AE77-A376-468B-AFD7-6ED67523D6D2}.Release|Any CPU.Build.0 = Release|Any CPU
		{E040367E-D984-4B30-9EF3-8E85180FC24C}.Debug|Any CPU.ActiveCfg = Debug|Any CPU
		{E040367E-D984-4B30-9EF3-8E85180FC24C}.Debug|Any CPU.Build.0 = Debug|Any CPU
		{E040367E-D984-4B30-9EF3-8E85180FC24C}.Release|Any CPU.ActiveCfg = Release|Any CPU
		{E040367E-D984-4B30-9EF3-8E85180FC24C}.Release|Any CPU.Build.0 = Release|Any CPU
		{89CF1584-5108-4F0C-B5DA-ECE98C62AC50}.Debug|Any CPU.ActiveCfg = Debug|Any CPU
		{89CF1584-5108-4F0C-B5DA-ECE98C62AC50}.Debug|Any CPU.Build.0 = Debug|Any CPU
		{89CF1584-5108-4F0C-B5DA-ECE98C62AC50}.Release|Any CPU.ActiveCfg = Release|Any CPU
		{89CF1584-5108-4F0C-B5DA-ECE98C62AC50}.Release|Any CPU.Build.0 = Release|Any CPU
		{DE542886-4546-4D76-B888-76EB09C37641}.Debug|Any CPU.ActiveCfg = Debug|Any CPU
		{DE542886-4546-4D76-B888-76EB09C37641}.Debug|Any CPU.Build.0 = Debug|Any CPU
		{DE542886-4546-4D76-B888-76EB09C37641}.Release|Any CPU.ActiveCfg = Release|Any CPU
		{DE542886-4546-4D76-B888-76EB09C37641}.Release|Any CPU.Build.0 = Release|Any CPU
		{1EB2B92E-5308-48A8-BBD1-E45FE579B972}.Debug|Any CPU.ActiveCfg = Debug|Any CPU
		{1EB2B92E-5308-48A8-BBD1-E45FE579B972}.Debug|Any CPU.Build.0 = Debug|Any CPU
		{1EB2B92E-5308-48A8-BBD1-E45FE579B972}.Release|Any CPU.ActiveCfg = Release|Any CPU
		{1EB2B92E-5308-48A8-BBD1-E45FE579B972}.Release|Any CPU.Build.0 = Release|Any CPU
		{8A5AD672-5EA6-4945-BA4D-D951C5CE3F3A}.Debug|Any CPU.ActiveCfg = Debug|Any CPU
		{8A5AD672-5EA6-4945-BA4D-D951C5CE3F3A}.Debug|Any CPU.Build.0 = Debug|Any CPU
		{8A5AD672-5EA6-4945-BA4D-D951C5CE3F3A}.Release|Any CPU.ActiveCfg = Release|Any CPU
		{8A5AD672-5EA6-4945-BA4D-D951C5CE3F3A}.Release|Any CPU.Build.0 = Release|Any CPU
		{F5FEC4DD-E723-4AB2-A42B-478F6120C5B0}.Debug|Any CPU.ActiveCfg = Debug|Any CPU
		{F5FEC4DD-E723-4AB2-A42B-478F6120C5B0}.Debug|Any CPU.Build.0 = Debug|Any CPU
		{F5FEC4DD-E723-4AB2-A42B-478F6120C5B0}.Release|Any CPU.ActiveCfg = Release|Any CPU
		{F5FEC4DD-E723-4AB2-A42B-478F6120C5B0}.Release|Any CPU.Build.0 = Release|Any CPU
		{AA7D5A1F-C216-4AAD-810F-DCE4562EA7B4}.Debug|Any CPU.ActiveCfg = Debug|Any CPU
		{AA7D5A1F-C216-4AAD-810F-DCE4562EA7B4}.Debug|Any CPU.Build.0 = Debug|Any CPU
		{AA7D5A1F-C216-4AAD-810F-DCE4562EA7B4}.Release|Any CPU.ActiveCfg = Release|Any CPU
		{AA7D5A1F-C216-4AAD-810F-DCE4562EA7B4}.Release|Any CPU.Build.0 = Release|Any CPU
		{6E194C2B-9CDE-4DD3-8A6A-10B7076A99A6}.Debug|Any CPU.ActiveCfg = Debug|Any CPU
		{6E194C2B-9CDE-4DD3-8A6A-10B7076A99A6}.Debug|Any CPU.Build.0 = Debug|Any CPU
		{6E194C2B-9CDE-4DD3-8A6A-10B7076A99A6}.Release|Any CPU.ActiveCfg = Release|Any CPU
		{6E194C2B-9CDE-4DD3-8A6A-10B7076A99A6}.Release|Any CPU.Build.0 = Release|Any CPU
		{9B84AC9C-8FDF-467C-B10C-71DB62339C4C}.Debug|Any CPU.ActiveCfg = Debug|Any CPU
		{9B84AC9C-8FDF-467C-B10C-71DB62339C4C}.Debug|Any CPU.Build.0 = Debug|Any CPU
		{9B84AC9C-8FDF-467C-B10C-71DB62339C4C}.Release|Any CPU.ActiveCfg = Release|Any CPU
		{9B84AC9C-8FDF-467C-B10C-71DB62339C4C}.Release|Any CPU.Build.0 = Release|Any CPU
		{CE6AA56E-9A70-45A0-BFFF-A4050163BBC5}.Debug|Any CPU.ActiveCfg = Debug|Any CPU
		{CE6AA56E-9A70-45A0-BFFF-A4050163BBC5}.Debug|Any CPU.Build.0 = Debug|Any CPU
		{CE6AA56E-9A70-45A0-BFFF-A4050163BBC5}.Release|Any CPU.ActiveCfg = Release|Any CPU
		{CE6AA56E-9A70-45A0-BFFF-A4050163BBC5}.Release|Any CPU.Build.0 = Release|Any CPU
		{356300A3-D6DD-4687-9412-3AC4C23ED116}.Debug|Any CPU.ActiveCfg = Debug|Any CPU
		{356300A3-D6DD-4687-9412-3AC4C23ED116}.Debug|Any CPU.Build.0 = Debug|Any CPU
		{356300A3-D6DD-4687-9412-3AC4C23ED116}.Release|Any CPU.ActiveCfg = Release|Any CPU
		{356300A3-D6DD-4687-9412-3AC4C23ED116}.Release|Any CPU.Build.0 = Release|Any CPU
		{2405832A-7E2A-47B1-A809-96C0E29CE7F3}.Debug|Any CPU.ActiveCfg = Debug|Any CPU
		{2405832A-7E2A-47B1-A809-96C0E29CE7F3}.Debug|Any CPU.Build.0 = Debug|Any CPU
		{2405832A-7E2A-47B1-A809-96C0E29CE7F3}.Release|Any CPU.ActiveCfg = Release|Any CPU
		{2405832A-7E2A-47B1-A809-96C0E29CE7F3}.Release|Any CPU.Build.0 = Release|Any CPU
	EndGlobalSection
	GlobalSection(SolutionProperties) = preSolution
		HideSolutionNode = FALSE
	EndGlobalSection
	GlobalSection(NestedProjects) = preSolution
		{70B60D82-D267-4519-9A62-960852D6DBEB} = {C7C2A95C-9800-4293-9268-20821BD20E26}
		{688669C8-B6A0-484C-A682-B964A416C364} = {D2B8E2B8-62B6-4821-97BE-B109CECEB9EB}
		{41DDB316-28C3-42D0-A2BC-D6755A213D21} = {E3290ABE-AC66-44C6-A913-22212CC84B54}
		{DF0D7A6D-61C3-489E-9666-D6BBFE471A72} = {E3290ABE-AC66-44C6-A913-22212CC84B54}
		{C27FE185-802A-485D-AFF6-1FC865191353} = {D2B8E2B8-62B6-4821-97BE-B109CECEB9EB}
		{4B5CBC5D-9937-4B7D-9230-A43445E697FC} = {D2B8E2B8-62B6-4821-97BE-B109CECEB9EB}
		{EBB3ED48-1DD6-4B61-963F-29842C12AE7E} = {DA8E24AF-35B3-4325-8647-9CA470D91AF0}
		{9C3291CD-58BB-4824-A955-D43DB88558F3} = {E96F90F5-EF7D-4347-8545-50B163340A60}
		{B2D9AE77-A376-468B-AFD7-6ED67523D6D2} = {E96F90F5-EF7D-4347-8545-50B163340A60}
		{E040367E-D984-4B30-9EF3-8E85180FC24C} = {E96F90F5-EF7D-4347-8545-50B163340A60}
		{89CF1584-5108-4F0C-B5DA-ECE98C62AC50} = {E96F90F5-EF7D-4347-8545-50B163340A60}
		{DE542886-4546-4D76-B888-76EB09C37641} = {E96F90F5-EF7D-4347-8545-50B163340A60}
		{1EB2B92E-5308-48A8-BBD1-E45FE579B972} = {E96F90F5-EF7D-4347-8545-50B163340A60}
		{8A5AD672-5EA6-4945-BA4D-D951C5CE3F3A} = {E96F90F5-EF7D-4347-8545-50B163340A60}
		{F5FEC4DD-E723-4AB2-A42B-478F6120C5B0} = {D2B8E2B8-62B6-4821-97BE-B109CECEB9EB}
		{AA7D5A1F-C216-4AAD-810F-DCE4562EA7B4} = {9EE25239-F93E-4D93-ACD2-B0F1910B2ECF}
		{6E194C2B-9CDE-4DD3-8A6A-10B7076A99A6} = {9EE25239-F93E-4D93-ACD2-B0F1910B2ECF}
		{9B84AC9C-8FDF-467C-B10C-71DB62339C4C} = {B2EBE47F-CA6B-4D75-A0F3-077D16DAA426}
		{B2EBE47F-CA6B-4D75-A0F3-077D16DAA426} = {CF5897CD-57FC-48BC-BE41-5CE0A5D4472C}
		{CE6AA56E-9A70-45A0-BFFF-A4050163BBC5} = {B2EBE47F-CA6B-4D75-A0F3-077D16DAA426}
		{EC867E6A-694C-4F96-BF3D-63ED3E84EB02} = {CF5897CD-57FC-48BC-BE41-5CE0A5D4472C}
		{356300A3-D6DD-4687-9412-3AC4C23ED116} = {EC867E6A-694C-4F96-BF3D-63ED3E84EB02}
		{2405832A-7E2A-47B1-A809-96C0E29CE7F3} = {EC867E6A-694C-4F96-BF3D-63ED3E84EB02}
	EndGlobalSection
	GlobalSection(ExtensibilityGlobals) = postSolution
		SolutionGuid = {A5170E37-438B-49BF-9994-0A12EA568D29}
	EndGlobalSection
EndGlobal
